
Microsoft Visual Studio Solution File, Format Version 12.00
# Visual Studio 2013
VisualStudioVersion = 12.0.40629.0
MinimumVisualStudioVersion = 10.0.40219.1
Project("{FAE04EC0-301F-11D3-BF4B-00C04F79EFBC}") = "CopyData", "CopyData\CopyData.csproj", "{F7F0CCA8-2D87-4726-B2A1-C7F6C7ECD350}"
EndProject
Project("{FAE04EC0-301F-11D3-BF4B-00C04F79EFBC}") = "WpfTestReceiver", "WpfTestReceiver\WpfTestReceiver.csproj", "{8E0BCFC6-2997-4E2C-9970-F2501FFF5A1D}"
EndProject
Project("{FAE04EC0-301F-11D3-BF4B-00C04F79EFBC}") = "WpfTestSender", "WpfTestSender\WpfTestSender.csproj", "{1A7838B6-23D3-4679-B869-04BABF972165}"
EndProject
Global
	GlobalSection(SolutionConfigurationPlatforms) = preSolution
		Debug|Any CPU = Debug|Any CPU
		Release|Any CPU = Release|Any CPU
	EndGlobalSection
	GlobalSection(ProjectConfigurationPlatforms) = postSolution
		{F7F0CCA8-2D87-4726-B2A1-C7F6C7ECD350}.Debug|Any CPU.ActiveCfg = Debug|Any CPU
		{F7F0CCA8-2D87-4726-B2A1-C7F6C7ECD350}.Debug|Any CPU.Build.0 = Debug|Any CPU
		{F7F0CCA8-2D87-4726-B2A1-C7F6C7ECD350}.Release|Any CPU.ActiveCfg = Release|Any CPU
		{F7F0CCA8-2D87-4726-B2A1-C7F6C7ECD350}.Release|Any CPU.Build.0 = Release|Any CPU
		{8E0BCFC6-2997-4E2C-9970-F2501FFF5A1D}.Debug|Any CPU.ActiveCfg = Debug|Any CPU
		{8E0BCFC6-2997-4E2C-9970-F2501FFF5A1D}.Debug|Any CPU.Build.0 = Debug|Any CPU
		{8E0BCFC6-2997-4E2C-9970-F2501FFF5A1D}.Release|Any CPU.ActiveCfg = Release|Any CPU
		{8E0BCFC6-2997-4E2C-9970-F2501FFF5A1D}.Release|Any CPU.Build.0 = Release|Any CPU
		{1A7838B6-23D3-4679-B869-04BABF972165}.Debug|Any CPU.ActiveCfg = Debug|Any CPU
		{1A7838B6-23D3-4679-B869-04BABF972165}.Debug|Any CPU.Build.0 = Debug|Any CPU
		{1A7838B6-23D3-4679-B869-04BABF972165}.Release|Any CPU.ActiveCfg = Release|Any CPU
		{1A7838B6-23D3-4679-B869-04BABF972165}.Release|Any CPU.Build.0 = Release|Any CPU
	EndGlobalSection
	GlobalSection(SolutionProperties) = preSolution
		HideSolutionNode = FALSE
	EndGlobalSection
EndGlobal
